{
  "name": "demo",
  "version": "1.0.0",
  "lockfileVersion": 1,
  "requires": true,
  "dependencies": {
    "@types/color-name": {
      "version": "1.1.1",
      "resolved": "http://registry.npm.baidu-int.com/@types%2fcolor-name/-/color-name-1.1.1.tgz",
      "integrity": "sha1-HBJhu+qhCoBVu8XYq4S3sq/IRqA="
    },
    "ansi-regex": {
      "version": "4.1.0",
      "resolved": "http://registry.npm.baidu-int.com/ansi-regex/-/ansi-regex-4.1.0.tgz",
      "integrity": "sha1-i5+PCM8ay4Q3Vqg5yox+MWjFGZc="
    },
    "ansi-styles": {
      "version": "4.2.1",
      "resolved": "http://registry.npm.baidu-int.com/ansi-styles/-/ansi-styles-4.2.1.tgz",
      "integrity": "sha1-kK51xCTQCNJiTFvynq0xd+v881k=",
      "requires": {
        "@types/color-name": "^1.1.1",
        "color-convert": "^2.0.1"
      }
    },
    "array-unique": {
      "version": "0.3.2",
      "resolved": "http://registry.npm.baidu-int.com/array-unique/-/array-unique-0.3.2.tgz",
      "integrity": "sha1-qJS3XUvE9s1nnvMkSp/Y9Gri1Cg="
    },
    "assign-symbols": {
      "version": "1.0.0",
      "resolved": "http://registry.npm.baidu-int.com/assign-symbols/-/assign-symbols-1.0.0.tgz",
      "integrity": "sha1-WWZ/QfrdTyDMvCu5a41Pf3jsA2c="
    },
    "atob": {
      "version": "2.1.2",
      "resolved": "http://registry.npm.baidu-int.com/atob/-/atob-2.1.2.tgz",
      "integrity": "sha512-Wm6ukoaOGJi/73p/cl2GvLjTI5JM1k/O14isD73YML8StrH/7/lRFgmg8nICZgD3bZZvjwCGxtMOD3wWNAu8cg=="
    },
    "camelcase": {
      "version": "5.3.1",
      "resolved": "http://registry.npm.baidu-int.com/camelcase/-/camelcase-5.3.1.tgz",
      "integrity": "sha1-48mzFWnhBoEd8kL3FXJaH0xJQyA="
    },
    "chalk": {
      "version": "4.0.0",
      "resolved": "http://registry.npm.baidu-int.com/chalk/-/chalk-4.0.0.tgz",
      "integrity": "sha1-bpgIHtLRf6q2FetSrGbsH+YgnnI=",
      "requires": {
        "ansi-styles": "^4.1.0",
        "supports-color": "^7.1.0"
      }
    },
    "cliui": {
      "version": "5.0.0",
      "resolved": "http://registry.npm.baidu-int.com/cliui/-/cliui-5.0.0.tgz",
      "integrity": "sha1-3u/P2y6AB4SqNPRvoI4GhRx7u8U=",
      "requires": {
        "string-width": "^3.1.0",
        "strip-ansi": "^5.2.0",
        "wrap-ansi": "^5.1.0"
      }
    },
    "color-convert": {
      "version": "2.0.1",
      "resolved": "http://registry.npm.baidu-int.com/color-convert/-/color-convert-2.0.1.tgz",
      "integrity": "sha512-RRECPsj7iu/xb5oKYcsFHSppFNnsj/52OVTRKb4zP5onXwVF3zVmmToNcOfGC+CRDpfK/U584fMg38ZHCaElKQ==",
      "requires": {
        "color-name": "~1.1.4"
      }
    },
    "color-name": {
      "version": "1.1.4",
      "resolved": "http://registry.npm.baidu-int.com/color-name/-/color-name-1.1.4.tgz",
      "integrity": "sha512-dOy+3AuW3a2wNbZHIuMZpTcgjGuLU/uBL/ubcZF9OXbDo8ff4O8yVp5Bf0efS8uEoYo5q4Fx7dY9OgQGXgAsQA=="
    },
    "component-emitter": {
      "version": "1.3.0",
      "resolved": "http://registry.npm.baidu-int.com/component-emitter/-/component-emitter-1.3.0.tgz",
      "integrity": "sha1-FuQHD7qK4ptnnyIVhT7hgasuq8A="
    },
    "core-util-is": {
      "version": "1.0.2",
      "resolved": "http://registry.npm.baidu-int.com/core-util-is/-/core-util-is-1.0.2.tgz",
      "integrity": "sha1-tf1UIgqivFq1eqtxQMlAdUUDwac="
    },
    "decamelize": {
      "version": "1.2.0",
      "resolved": "http://registry.npm.baidu-int.com/decamelize/-/decamelize-1.2.0.tgz",
      "integrity": "sha1-9lNNFRSCabIDUue+4m9QH5oZEpA="
    },
    "decode-uri-component": {
      "version": "0.2.0",
      "resolved": "http://registry.npm.baidu-int.com/decode-uri-component/-/decode-uri-component-0.2.0.tgz",
      "integrity": "sha1-6zkTMzRYd1y4TNGh+uBiEGu4dUU="
    },
    "define-property": {
      "version": "2.0.2",
      "resolved": "http://registry.npm.baidu-int.com/define-property/-/define-property-2.0.2.tgz",
      "integrity": "sha1-1Flono1lS6d+AqgX+HENcCyxbp0=",
      "requires": {
        "is-descriptor": "^1.0.2",
        "isobject": "^3.0.1"
      }
    },
    "emoji-regex": {
      "version": "7.0.3",
      "resolved": "http://registry.npm.baidu-int.com/emoji-regex/-/emoji-regex-7.0.3.tgz",
      "integrity": "sha1-kzoEBShgyF6DwSJHnEdIqOTHIVY="
    },
    "errno": {
      "version": "0.1.7",
      "resolved": "http://registry.npm.baidu-int.com/errno/-/errno-0.1.7.tgz",
      "integrity": "sha1-RoTXF3mtOa8Xfj8AeZb3xnyFJhg=",
      "requires": {
        "prr": "~1.0.1"
      }
    },
    "expand-brackets": {
      "version": "4.0.0",
      "resolved": "http://registry.npm.baidu-int.com/expand-brackets/-/expand-brackets-4.0.0.tgz",
      "integrity": "sha512-TGRazgOxrwafQdSPISIXScDPew3h6mIvXBE72cbgZgweqRila6892tk+fYT6UBkHvSNUooC5rP2zRF/x1ay+Ww==",
      "requires": {
        "posix-character-classes": "^1.0.0",
        "regex-not": "^1.0.0",
        "snapdragon": "^0.12.0",
        "to-regex": "^3.0.1"
      }
    },
    "extend-shallow": {
      "version": "3.0.2",
      "resolved": "http://registry.npm.baidu-int.com/extend-shallow/-/extend-shallow-3.0.2.tgz",
      "integrity": "sha1-Jqcarwc7OfshJxcnRhMcJwQCjbg=",
      "requires": {
        "assign-symbols": "^1.0.0",
        "is-extendable": "^1.0.1"
      }
    },
    "extglob": {
      "version": "3.0.0",
      "resolved": "http://registry.npm.baidu-int.com/extglob/-/extglob-3.0.0.tgz",
      "integrity": "sha512-tbNnRL4IMn8VdTyDTZWgT2EpI7nYcQbDncFpltVSsyairady2OttEjUowI5gHyc1/gbOI2RaqcJvUPaAU42z2g==",
      "requires": {
        "array-unique": "^0.3.2",
        "define-property": "^2.0.2",
        "expand-brackets": "^4.0.0",
        "fragment-cache": "^0.2.1",
        "regex-not": "^1.0.0",
        "snapdragon": "^0.12.0",
        "snapdragon-capture": "^0.2.0",
        "to-regex": "^3.0.1"
      }
    },
    "find-up": {
      "version": "3.0.0",
      "resolved": "http://registry.npm.baidu-int.com/find-up/-/find-up-3.0.0.tgz",
      "integrity": "sha512-1yD6RmLI1XBfxugvORwlck6f75tYL+iR0jqwsOrOxMZyGYqUuDhJ0l4AXdO1iX/FTs9cBAMEk1gWSEx1kSbylg==",
      "requires": {
        "locate-path": "^3.0.0"
      }
    },
    "fragment-cache": {
      "version": "0.2.1",
      "resolved": "http://registry.npm.baidu-int.com/fragment-cache/-/fragment-cache-0.2.1.tgz",
      "integrity": "sha1-QpD60n8T6Jvn8zeZxrxaCr//DRk=",
      "requires": {
        "map-cache": "^0.2.2"
      }
    },
    "get-caller-file": {
      "version": "2.0.5",
      "resolved": "http://registry.npm.baidu-int.com/get-caller-file/-/get-caller-file-2.0.5.tgz",
      "integrity": "sha1-T5RBKoLbMvNuOwuXQfipf+sDH34="
    },
    "get-value": {
      "version": "2.0.6",
      "resolved": "http://registry.npm.baidu-int.com/get-value/-/get-value-2.0.6.tgz",
      "integrity": "sha1-3BXKHGcjh8p2vTesCjlbogQqLCg="
    },
    "has-flag": {
      "version": "4.0.0",
      "resolved": "http://registry.npm.baidu-int.com/has-flag/-/has-flag-4.0.0.tgz",
      "integrity": "sha1-lEdx/ZyByBJlxNaUGGDaBrtZR5s="
    },
    "inherits": {
      "version": "2.0.4",
      "resolved": "http://registry.npm.baidu-int.com/inherits/-/inherits-2.0.4.tgz",
      "integrity": "sha512-k/vGaX4/Yla3WzyMCvTQOXYeIHvqOKtnqBduzTHpzpQZzAskKMhZ2K+EnBiSM9zGSoIFeMpXKxa4dYeZIQqewQ=="
    },
    "is-accessor-descriptor": {
      "version": "1.0.0",
      "resolved": "http://registry.npm.baidu-int.com/is-accessor-descriptor/-/is-accessor-descriptor-1.0.0.tgz",
      "integrity": "sha1-FpwvbT3x+ZJhgHI2XJsOofaHhlY=",
      "requires": {
        "kind-of": "^6.0.0"
      }
    },
    "is-buffer": {
      "version": "1.1.6",
      "resolved": "http://registry.npm.baidu-int.com/is-buffer/-/is-buffer-1.1.6.tgz",
      "integrity": "sha1-76ouqdqg16suoTqXsritUf776L4="
    },
    "is-data-descriptor": {
      "version": "1.0.0",
      "resolved": "http://registry.npm.baidu-int.com/is-data-descriptor/-/is-data-descriptor-1.0.0.tgz",
      "integrity": "sha1-2Eh2Mh0Oet0DmQQGq7u9NrqSaMc=",
      "requires": {
        "kind-of": "^6.0.0"
      }
    },
    "is-descriptor": {
      "version": "1.0.2",
      "resolved": "http://registry.npm.baidu-int.com/is-descriptor/-/is-descriptor-1.0.2.tgz",
      "integrity": "sha1-OxWXRqZmBLBPjIFSS6NlxfFNhuw=",
      "requires": {
        "is-accessor-descriptor": "^1.0.0",
        "is-data-descriptor": "^1.0.0",
        "kind-of": "^6.0.2"
      }
    },
    "is-extendable": {
      "version": "1.0.1",
      "resolved": "http://registry.npm.baidu-int.com/is-extendable/-/is-extendable-1.0.1.tgz",
      "integrity": "sha1-p0cPnkJnM9gb2B4RVSZOOjUHyrQ=",
      "requires": {
        "is-plain-object": "^2.0.4"
      }
    },
    "is-extglob": {
      "version": "2.1.1",
      "resolved": "http://registry.npm.baidu-int.com/is-extglob/-/is-extglob-2.1.1.tgz",
      "integrity": "sha1-qIwCU1eR8C7TfHahueqXc8gz+MI="
    },
    "is-fullwidth-code-point": {
      "version": "2.0.0",
      "resolved": "http://registry.npm.baidu-int.com/is-fullwidth-code-point/-/is-fullwidth-code-point-2.0.0.tgz",
      "integrity": "sha1-o7MKXE8ZkYMWeqq5O+764937ZU8="
    },
    "is-glob": {
      "version": "4.0.1",
      "resolved": "http://registry.npm.baidu-int.com/is-glob/-/is-glob-4.0.1.tgz",
      "integrity": "sha1-dWfb6fL14kZ7x3q4PEopSCQHpdw=",
      "requires": {
        "is-extglob": "^2.1.1"
      }
    },
    "is-plain-object": {
      "version": "2.0.4",
      "resolved": "http://registry.npm.baidu-int.com/is-plain-object/-/is-plain-object-2.0.4.tgz",
      "integrity": "sha1-LBY7P6+xtgbZ0Xko8FwqHDjgdnc=",
      "requires": {
        "isobject": "^3.0.1"
      }
    },
    "isarray": {
      "version": "1.0.0",
      "resolved": "http://registry.npm.baidu-int.com/isarray/-/isarray-1.0.0.tgz",
      "integrity": "sha1-u5NdSFgsuhaMBoNJV6VKPgcSTxE="
    },
    "isobject": {
      "version": "3.0.1",
      "resolved": "http://registry.npm.baidu-int.com/isobject/-/isobject-3.0.1.tgz",
      "integrity": "sha1-TkMekrEalzFjaqH5yNHMvP2reN8="
    },
    "kind-of": {
      "version": "6.0.3",
      "resolved": "http://registry.npm.baidu-int.com/kind-of/-/kind-of-6.0.3.tgz",
      "integrity": "sha1-B8BQNKbDSfoG4k+jWqdttFgM5N0="
    },
    "lazy-cache": {
      "version": "2.0.2",
      "resolved": "http://registry.npm.baidu-int.com/lazy-cache/-/lazy-cache-2.0.2.tgz",
      "integrity": "sha1-uRkKT5EzVGlIQIWfio9whNiCImQ=",
      "requires": {
        "set-getter": "^0.1.0"
      }
    },
    "locate-path": {
      "version": "3.0.0",
      "resolved": "http://registry.npm.baidu-int.com/locate-path/-/locate-path-3.0.0.tgz",
      "integrity": "sha512-7AO748wWnIhNqAuaty2ZWHkQHRSNfPVIsPIfwEOWO22AmaoVrWavlOcMR5nzTLNYvp36X220/maaRsrec1G65A==",
      "requires": {
        "p-locate": "^3.0.0",
        "path-exists": "^3.0.0"
      }
    },
    "lodash": {
      "version": "4.17.15",
      "resolved": "http://registry.npm.baidu-int.com/lodash/-/lodash-4.17.15.tgz",
      "integrity": "sha512-8xOcRHvCjnocdS5cpwXQXVzmmh5e5+saE2QGoeQmbKmRS6J3VQppPOIt0MnmE+4xlZoumy0GPG0D0MVIQbNA1A=="
    },
    "makit": {
      "version": "1.15.4",
      "resolved": "http://registry.npm.baidu-int.com/makit/-/makit-1.15.4.tgz",
      "integrity": "sha1-lXNwJjT9SWtS988SRGR+scuGEQY=",
      "requires": {
        "chalk": "^4.0.0",
        "extglob": "^3.0.0",
        "is-glob": "^4.0.1",
        "lodash": "^4.17.15",
        "memory-fs": "^0.5.0",
        "treeify": "^1.1.0",
        "yargs": "^14.2.0"
      }
    },
    "map-cache": {
      "version": "0.2.2",
      "resolved": "http://registry.npm.baidu-int.com/map-cache/-/map-cache-0.2.2.tgz",
      "integrity": "sha1-wyq9C9ZSXZsFFkW7TyasXcmKDb8="
    },
    "memory-fs": {
      "version": "0.5.0",
      "resolved": "http://registry.npm.baidu-int.com/memory-fs/-/memory-fs-0.5.0.tgz",
      "integrity": "sha512-jA0rdU5KoQMC0e6ppoNRtpp6vjFq6+NY7r8hywnC7V+1Xj/MtHwGIbB1QaK/dunyjWteJzmkpd7ooeWg10T7GA==",
      "requires": {
        "errno": "^0.1.3",
        "readable-stream": "^2.0.1"
      }
    },
    "p-limit": {
      "version": "2.3.0",
      "resolved": "http://registry.npm.baidu-int.com/p-limit/-/p-limit-2.3.0.tgz",
      "integrity": "sha1-PdM8ZHohT9//2DWTPrCG2g3CHbE=",
      "requires": {
        "p-try": "^2.0.0"
      }
    },
    "p-locate": {
      "version": "3.0.0",
      "resolved": "http://registry.npm.baidu-int.com/p-locate/-/p-locate-3.0.0.tgz",
      "integrity": "sha512-x+12w/To+4GFfgJhBEpiDcLozRJGegY+Ei7/z0tSLkMmxGZNybVMSfWj9aJn8Z5Fc7dBUNJOOVgPv2H7IwulSQ==",
      "requires": {
        "p-limit": "^2.0.0"
      }
    },
    "p-try": {
      "version": "2.2.0",
      "resolved": "http://registry.npm.baidu-int.com/p-try/-/p-try-2.2.0.tgz",
      "integrity": "sha1-yyhoVA4xPWHeWPr741zpAE1VQOY="
    },
    "path-exists": {
      "version": "3.0.0",
      "resolved": "http://registry.npm.baidu-int.com/path-exists/-/path-exists-3.0.0.tgz",
      "integrity": "sha1-zg6+ql94yxiSXqfYENe1mwEP1RU="
    },
    "posix-character-classes": {
      "version": "1.0.0",
      "resolved": "http://registry.npm.baidu-int.com/posix-character-classes/-/posix-character-classes-1.0.0.tgz",
      "integrity": "sha1-hpF6stJS9+p44Ve/AJubbqNcbK0="
    },
    "process-nextick-args": {
      "version": "2.0.1",
      "resolved": "http://registry.npm.baidu-int.com/process-nextick-args/-/process-nextick-args-2.0.1.tgz",
      "integrity": "sha512-3ouUOpQhtgrbOa17J7+uxOTpITYWaGP7/AhoR3+A+/1e9skrzelGi/dXzEYyvbxubEF6Wn2ypscTKiKJFFn1ag=="
    },
    "prr": {
      "version": "1.0.1",
      "resolved": "http://registry.npm.baidu-int.com/prr/-/prr-1.0.1.tgz",
      "integrity": "sha1-0/wRS6BplaRexok/SEzrHXj19HY="
    },
    "readable-stream": {
      "version": "2.3.7",
      "resolved": "http://registry.npm.baidu-int.com/readable-stream/-/readable-stream-2.3.7.tgz",
      "integrity": "sha1-Hsoc9xGu+BTAT2IlKjamL2yyO1c=",
      "requires": {
        "core-util-is": "~1.0.0",
        "inherits": "~2.0.3",
        "isarray": "~1.0.0",
        "process-nextick-args": "~2.0.0",
        "safe-buffer": "~5.1.1",
        "string_decoder": "~1.1.1",
        "util-deprecate": "~1.0.1"
      }
    },
    "regex-not": {
      "version": "1.0.2",
      "resolved": "http://registry.npm.baidu-int.com/regex-not/-/regex-not-1.0.2.tgz",
      "integrity": "sha1-H07OJ+ALC2XgJHpoEOaoXYOldSw=",
      "requires": {
        "extend-shallow": "^3.0.2",
        "safe-regex": "^1.1.0"
      }
    },
    "require-directory": {
      "version": "2.1.1",
      "resolved": "http://registry.npm.baidu-int.com/require-directory/-/require-directory-2.1.1.tgz",
      "integrity": "sha1-jGStX9MNqxyXbiNE/+f3kqam30I="
    },
    "require-main-filename": {
      "version": "2.0.0",
      "resolved": "http://registry.npm.baidu-int.com/require-main-filename/-/require-main-filename-2.0.0.tgz",
      "integrity": "sha1-0LMp7MfMD2Fkn2IhW+aa9UqomJs="
    },
    "resolve-url": {
      "version": "0.2.1",
      "resolved": "http://registry.npm.baidu-int.com/resolve-url/-/resolve-url-0.2.1.tgz",
      "integrity": "sha1-LGN/53yJOv0qZj/iGqkIAGjiBSo="
    },
    "ret": {
      "version": "0.1.15",
      "resolved": "http://registry.npm.baidu-int.com/ret/-/ret-0.1.15.tgz",
      "integrity": "sha1-uKSCXVvbH8P29Twrwz+BOIaBx7w="
    },
    "safe-buffer": {
      "version": "5.1.2",
      "resolved": "http://registry.npm.baidu-int.com/safe-buffer/-/safe-buffer-5.1.2.tgz",
      "integrity": "sha512-Gd2UZBJDkXlY7GbJxfsE8/nvKkUEU1G38c1siN6QP6a9PT9MmHB8GnpscSmMJSoF8LOIrt8ud/wPtojys4G6+g=="
    },
    "safe-regex": {
      "version": "1.1.0",
      "resolved": "http://registry.npm.baidu-int.com/safe-regex/-/safe-regex-1.1.0.tgz",
      "integrity": "sha1-QKNmnzsHfR6UPURinhV91IAjvy4=",
      "requires": {
        "ret": "~0.1.10"
      }
    },
    "set-blocking": {
      "version": "2.0.0",
      "resolved": "http://registry.npm.baidu-int.com/set-blocking/-/set-blocking-2.0.0.tgz",
      "integrity": "sha1-BF+XgtARrppoA93TgrJDkrPYkPc="
    },
    "set-getter": {
      "version": "0.1.0",
      "resolved": "http://registry.npm.baidu-int.com/set-getter/-/set-getter-0.1.0.tgz",
      "integrity": "sha1-12nBgsnVpR9AkUXy+6guXoboA3Y=",
      "requires": {
        "to-object-path": "^0.3.0"
      }
    },
    "snapdragon": {
      "version": "0.12.0",
      "resolved": "http://registry.npm.baidu-int.com/snapdragon/-/snapdragon-0.12.0.tgz",
      "integrity": "sha512-E7epxLolFdELn4LzTfDOImU0gZDk5Y071Pou8+3rEP7980ZbDbBje3xDQAqP5lnPItU1W7QEoqNSJvHtvK8DcQ==",
      "requires": {
        "component-emitter": "^1.2.1",
        "define-property": "^2.0.2",
        "extend-shallow": "^3.0.2",
        "get-value": "^2.0.6",
        "isobject": "^3.0.0",
        "map-cache": "^0.2.2",
        "snapdragon-node": "^1.0.6",
        "snapdragon-util": "^4.0.0",
        "source-map": "^0.5.6",
        "source-map-resolve": "^0.5.0",
        "use": "^3.1.0"
      }
    },
    "snapdragon-capture": {
      "version": "0.2.0",
      "resolved": "http://registry.npm.baidu-int.com/snapdragon-capture/-/snapdragon-capture-0.2.0.tgz",
      "integrity": "sha1-IWFgI4hKOwGSyNNH8jivSeqh6mc="
    },
    "snapdragon-node": {
      "version": "1.0.6",
      "resolved": "http://registry.npm.baidu-int.com/snapdragon-node/-/snapdragon-node-1.0.6.tgz",
      "integrity": "sha1-JEjV72/qf16P1TJqChFIVNonE1Y=",
      "requires": {
        "define-property": "^0.2.5",
        "isobject": "^3.0.0",
        "lazy-cache": "^2.0.2",
        "snapdragon-util": "^1.0.3"
      },
      "dependencies": {
        "define-property": {
          "version": "0.2.5",
          "resolved": "http://registry.npm.baidu-int.com/define-property/-/define-property-0.2.5.tgz",
          "integrity": "sha1-w1se+RjsPJkPmlvFe+BKrOxcgRY=",
          "requires": {
            "is-descriptor": "^0.1.0"
          }
        },
        "is-accessor-descriptor": {
          "version": "0.1.6",
          "resolved": "http://registry.npm.baidu-int.com/is-accessor-descriptor/-/is-accessor-descriptor-0.1.6.tgz",
          "integrity": "sha1-qeEss66Nh2cn7u84Q/igiXtcmNY=",
          "requires": {
            "kind-of": "^3.0.2"
          },
          "dependencies": {
            "kind-of": {
              "version": "3.2.2",
              "resolved": "http://registry.npm.baidu-int.com/kind-of/-/kind-of-3.2.2.tgz",
              "integrity": "sha1-MeohpzS6ubuw8yRm2JOupR5KPGQ=",
              "requires": {
                "is-buffer": "^1.1.5"
              }
            }
          }
        },
        "is-data-descriptor": {
          "version": "0.1.4",
          "resolved": "http://registry.npm.baidu-int.com/is-data-descriptor/-/is-data-descriptor-0.1.4.tgz",
          "integrity": "sha1-C17mSDiOLIYCgueT8YVv7D8wG1Y=",
          "requires": {
            "kind-of": "^3.0.2"
          },
          "dependencies": {
            "kind-of": {
              "version": "3.2.2",
              "resolved": "http://registry.npm.baidu-int.com/kind-of/-/kind-of-3.2.2.tgz",
              "integrity": "sha1-MeohpzS6ubuw8yRm2JOupR5KPGQ=",
              "requires": {
                "is-buffer": "^1.1.5"
              }
            }
          }
        },
        "is-descriptor": {
          "version": "0.1.6",
          "resolved": "http://registry.npm.baidu-int.com/is-descriptor/-/is-descriptor-0.1.6.tgz",
          "integrity": "sha1-Nm2CQN3kh8pRgjsaufB6EKeCUco=",
          "requires": {
            "is-accessor-descriptor": "^0.1.6",
            "is-data-descriptor": "^0.1.4",
            "kind-of": "^5.0.0"
          }
        },
        "kind-of": {
          "version": "5.1.0",
          "resolved": "http://registry.npm.baidu-int.com/kind-of/-/kind-of-5.1.0.tgz",
          "integrity": "sha1-cpyR4thXt6QZofmqZWhcTDP1hF0="
        },
        "snapdragon-util": {
          "version": "1.0.6",
          "resolved": "http://registry.npm.baidu-int.com/snapdragon-util/-/snapdragon-util-1.0.6.tgz",
          "integrity": "sha1-iz0tbeyJMMkOBUugUuViyhs6Yh4=",
          "requires": {
            "define-property": "^0.2.5",
            "kind-of": "^3.1.0",
            "lazy-cache": "^2.0.2",
            "snapdragon-node": "^1.0.6"
          },
          "dependencies": {
            "kind-of": {
              "version": "3.2.2",
              "resolved": "http://registry.npm.baidu-int.com/kind-of/-/kind-of-3.2.2.tgz",
              "integrity": "sha1-MeohpzS6ubuw8yRm2JOupR5KPGQ=",
              "requires": {
                "is-buffer": "^1.1.5"
              }
            }
          }
        }
      }
    },
    "snapdragon-util": {
      "version": "4.0.0",
      "resolved": "http://registry.npm.baidu-int.com/snapdragon-util/-/snapdragon-util-4.0.0.tgz",
      "integrity": "sha1-SchYoIkXSr57jRhqNnQkgjFnRGo=",
      "requires": {
        "kind-of": "^6.0.0"
      }
    },
    "source-map": {
      "version": "0.5.7",
      "resolved": "http://registry.npm.baidu-int.com/source-map/-/source-map-0.5.7.tgz",
      "integrity": "sha1-igOdLRAh0i0eoUyA2OpGi6LvP8w="
    },
    "source-map-resolve": {
      "version": "0.5.3",
      "resolved": "http://registry.npm.baidu-int.com/source-map-resolve/-/source-map-resolve-0.5.3.tgz",
      "integrity": "sha1-GQhmvs51U+H48mei7oLGBrVQmho=",
      "requires": {
        "atob": "^2.1.2",
        "decode-uri-component": "^0.2.0",
        "resolve-url": "^0.2.1",
        "source-map-url": "^0.4.0",
        "urix": "^0.1.0"
      }
    },
    "source-map-url": {
      "version": "0.4.0",
      "resolved": "http://registry.npm.baidu-int.com/source-map-url/-/source-map-url-0.4.0.tgz",
      "integrity": "sha1-PpNdfd1zYxuXZZlW1VEo6HtQhKM="
    },
    "string-width": {
      "version": "3.1.0",
      "resolved": "http://registry.npm.baidu-int.com/string-width/-/string-width-3.1.0.tgz",
      "integrity": "sha1-InZ74htirxCBV0MG9prFG2IgOWE=",
      "requires": {
        "emoji-regex": "^7.0.1",
        "is-fullwidth-code-point": "^2.0.0",
        "strip-ansi": "^5.1.0"
      }
    },
    "string_decoder": {
      "version": "1.1.1",
      "resolved": "http://registry.npm.baidu-int.com/string_decoder/-/string_decoder-1.1.1.tgz",
      "integrity": "sha512-n/ShnvDi6FHbbVfviro+WojiFzv+s8MPMHBczVePfUpDJLwoLT0ht1l4YwBCbi8pJAveEEdnkHyPyTP/mzRfwg==",
      "requires": {
        "safe-buffer": "~5.1.0"
      }
    },
    "strip-ansi": {
      "version": "5.2.0",
      "resolved": "http://registry.npm.baidu-int.com/strip-ansi/-/strip-ansi-5.2.0.tgz",
      "integrity": "sha1-jJpTb+tq/JYr36WxBKUJHBrZwK4=",
      "requires": {
        "ansi-regex": "^4.1.0"
      }
    },
    "supports-color": {
      "version": "7.1.0",
      "resolved": "http://registry.npm.baidu-int.com/supports-color/-/supports-color-7.1.0.tgz",
      "integrity": "sha512-oRSIpR8pxT1Wr2FquTNnGet79b3BWljqOuoW/h4oBhxJ/HUbX5nX6JSruTkvXDCFMwDPvsaTTbvMLKZWSy0R5g==",
      "requires": {
        "has-flag": "^4.0.0"
      }
    },
    "to-object-path": {
      "version": "0.3.0",
      "resolved": "http://registry.npm.baidu-int.com/to-object-path/-/to-object-path-0.3.0.tgz",
      "integrity": "sha1-KXWIt7Dn4KwI4E5nL4XB9JmeF68=",
      "requires": {
        "kind-of": "^3.0.2"
      },
      "dependencies": {
        "kind-of": {
          "version": "3.2.2",
          "resolved": "http://registry.npm.baidu-int.com/kind-of/-/kind-of-3.2.2.tgz",
          "integrity": "sha1-MeohpzS6ubuw8yRm2JOupR5KPGQ=",
          "requires": {
            "is-buffer": "^1.1.5"
          }
        }
      }
    },
    "to-regex": {
      "version": "3.0.2",
      "resolved": "http://registry.npm.baidu-int.com/to-regex/-/to-regex-3.0.2.tgz",
      "integrity": "sha1-E8/dmzNlUvMLUfM6iuG0Knp1mc4=",
      "requires": {
        "define-property": "^2.0.2",
        "extend-shallow": "^3.0.2",
        "regex-not": "^1.0.2",
        "safe-regex": "^1.1.0"
      }
    },
    "treeify": {
      "version": "1.1.0",
      "resolved": "http://registry.npm.baidu-int.com/treeify/-/treeify-1.1.0.tgz",
      "integrity": "sha512-1m4RA7xVAJrSGrrXGs0L3YTwyvBs2S8PbRHaLZAkFw7JR8oIFwYtysxlBZhYIa7xSyiYJKZ3iGrrk55cGA3i9A=="
    },
    "urix": {
      "version": "0.1.0",
      "resolved": "http://registry.npm.baidu-int.com/urix/-/urix-0.1.0.tgz",
      "integrity": "sha1-2pN/emLiH+wf0Y1Js1wpNQZ6bHI="
    },
    "use": {
      "version": "3.1.1",
      "resolved": "http://registry.npm.baidu-int.com/use/-/use-3.1.1.tgz",
      "integrity": "sha512-cwESVXlO3url9YWlFW/TA9cshCEhtu7IKJ/p5soJ/gGpj7vbvFrAY/eIioQ6Dw23KjZhYgiIo8HOs1nQ2vr/oQ=="
    },
    "util-deprecate": {
      "version": "1.0.2",
      "resolved": "http://registry.npm.baidu-int.com/util-deprecate/-/util-deprecate-1.0.2.tgz",
      "integrity": "sha1-RQ1Nyfpw3nMnYvvS1KKJgUGaDM8="
    },
    "which-module": {
      "version": "2.0.0",
      "resolved": "http://registry.npm.baidu-int.com/which-module/-/which-module-2.0.0.tgz",
      "integrity": "sha1-2e8H3Od7mQK4o6j6SzHD4/fm6Ho="
    },
    "wrap-ansi": {
      "version": "5.1.0",
      "resolved": "http://registry.npm.baidu-int.com/wrap-ansi/-/wrap-ansi-5.1.0.tgz",
      "integrity": "sha1-H9H2cjXVttD+54EFYAG/tpTAOwk=",
      "requires": {
        "ansi-styles": "^3.2.0",
        "string-width": "^3.0.0",
        "strip-ansi": "^5.0.0"
      },
      "dependencies": {
        "ansi-styles": {
          "version": "3.2.1",
          "resolved": "http://registry.npm.baidu-int.com/ansi-styles/-/ansi-styles-3.2.1.tgz",
          "integrity": "sha1-QfuyAkPlCxK+DwS43tvwdSDOhB0=",
          "requires": {
            "color-convert": "^1.9.0"
          }
        },
        "color-convert": {
          "version": "1.9.3",
          "resolved": "http://registry.npm.baidu-int.com/color-convert/-/color-convert-1.9.3.tgz",
          "integrity": "sha512-QfAUtd+vFdAtFQcC8CCyYt1fYWxSqAiK2cSD6zDB8N3cpsEBAvRxp9zOGg6G/SHHJYAT88/az/IuDGALsNVbGg==",
          "requires": {
            "color-name": "1.1.3"
          }
        },
        "color-name": {
          "version": "1.1.3",
          "resolved": "http://registry.npm.baidu-int.com/color-name/-/color-name-1.1.3.tgz",
          "integrity": "sha1-p9BVi9icQveV3UIyj3QIMcpTvCU="
        }
      }
    },
    "y18n": {
      "version": "4.0.0",
      "resolved": "http://registry.npm.baidu-int.com/y18n/-/y18n-4.0.0.tgz",
      "integrity": "sha1-le+U+F7MgdAHwmThkKEg8KPIVms="
    },
    "yargs": {
      "version": "14.2.3",
      "resolved": "http://registry.npm.baidu-int.com/yargs/-/yargs-14.2.3.tgz",
      "integrity": "sha1-Ghw+3O0a+yov6jNgS8bR2NaIpBQ=",
      "requires": {
        "cliui": "^5.0.0",
        "decamelize": "^1.2.0",
        "find-up": "^3.0.0",
        "get-caller-file": "^2.0.1",
        "require-directory": "^2.1.1",
        "require-main-filename": "^2.0.0",
        "set-blocking": "^2.0.0",
        "string-width": "^3.0.0",
        "which-module": "^2.0.0",
        "y18n": "^4.0.0",
        "yargs-parser": "^15.0.1"
      }
    },
    "yargs-parser": {
      "version": "15.0.1",
      "resolved": "http://registry.npm.baidu-int.com/yargs-parser/-/yargs-parser-15.0.1.tgz",
      "integrity": "sha1-VHhq9AuCDcsvuAJbEbTWWddjI7M=",
      "requires": {
        "camelcase": "^5.0.0",
        "decamelize": "^1.2.0"
      }
    }
  }
}
